
Microsoft Visual Studio Solution File, Format Version 12.00
# Visual Studio Version 17
VisualStudioVersion = 17.5.002.0
MinimumVisualStudioVersion = 10.0.40219.1
Project("{9A19103F-16F7-4668-BE54-9A1E7A4F7556}") = "API", "API\API.csproj", "{C1E10F3C-7A93-4F96-8A94-C1813DFBA6F9}"
EndProject
Global
	GlobalSection(SolutionConfigurationPlatforms) = preSolution
		Debug|Any CPU = Debug|Any CPU
		Release|Any CPU = Release|Any CPU
	EndGlobalSection
	GlobalSection(ProjectConfigurationPlatforms) = postSolution
		{C1E10F3C-7A93-4F96-8A94-C1813DFBA6F9}.Debug|Any CPU.ActiveCfg = Debug|Any CPU
		{C1E10F3C-7A93-4F96-8A94-C1813DFBA6F9}.Debug|Any CPU.Build.0 = Debug|Any CPU
		{C1E10F3C-7A93-4F96-8A94-C1813DFBA6F9}.Release|Any CPU.ActiveCfg = Release|Any CPU
		{C1E10F3C-7A93-4F96-8A94-C1813DFBA6F9}.Release|Any CPU.Build.0 = Release|Any CPU
	EndGlobalSection
	GlobalSection(SolutionProperties) = preSolution
		HideSolutionNode = FALSE
	EndGlobalSection
	GlobalSection(ExtensibilityGlobals) = postSolution
		SolutionGuid = {10116E1A-500F-4420-AE09-5ED4FE629AA7}
	EndGlobalSection
EndGlobal
